
Microsoft Visual Studio Solution File, Format Version 12.00
# Visual Studio 15
VisualStudioVersion = 15.0.26730.16
MinimumVisualStudioVersion = 10.0.40219.1
Project("{FAE04EC0-301F-11D3-BF4B-00C04F79EFBC}") = "Cliente Poker", "Cliente Poker\Cliente Poker.csproj", "{2CEC152F-FFBE-4701-AC56-674F4182A570}"
EndProject
Project("{FAE04EC0-301F-11D3-BF4B-00C04F79EFBC}") = "Servidor Poker", "Servidor Poker\Servidor Poker.csproj", "{A8E013DC-3805-4D9F-B24B-3DC695A0A713}"
EndProject
Global
	GlobalSection(SolutionConfigurationPlatforms) = preSolution
		Debug|Any CPU = Debug|Any CPU
		Release|Any CPU = Release|Any CPU
	EndGlobalSection
	GlobalSection(ProjectConfigurationPlatforms) = postSolution
		{2CEC152F-FFBE-4701-AC56-674F4182A570}.Debug|Any CPU.ActiveCfg = Debug|Any CPU
		{2CEC152F-FFBE-4701-AC56-674F4182A570}.Debug|Any CPU.Build.0 = Debug|Any CPU
		{2CEC152F-FFBE-4701-AC56-674F4182A570}.Release|Any CPU.ActiveCfg = Release|Any CPU
		{2CEC152F-FFBE-4701-AC56-674F4182A570}.Release|Any CPU.Build.0 = Release|Any CPU
		{A8E013DC-3805-4D9F-B24B-3DC695A0A713}.Debug|Any CPU.ActiveCfg = Debug|Any CPU
		{A8E013DC-3805-4D9F-B24B-3DC695A0A713}.Debug|Any CPU.Build.0 = Debug|Any CPU
		{A8E013DC-3805-4D9F-B24B-3DC695A0A713}.Release|Any CPU.ActiveCfg = Release|Any CPU
		{A8E013DC-3805-4D9F-B24B-3DC695A0A713}.Release|Any CPU.Build.0 = Release|Any CPU
	EndGlobalSection
	GlobalSection(SolutionProperties) = preSolution
		HideSolutionNode = FALSE
	EndGlobalSection
	GlobalSection(ExtensibilityGlobals) = postSolution
		SolutionGuid = {560476D7-2583-4166-91BF-1617BAE9225D}
	EndGlobalSection
EndGlobal
